
Microsoft Visual Studio Solution File, Format Version 12.00
# Visual Studio Version 17
VisualStudioVersion = 17.9.34728.123
MinimumVisualStudioVersion = 10.0.40219.1
Project("{9A19103F-16F7-4668-BE54-9A1E7A4F7556}") = "CustomerMicroService", "CustomerMicroService\CustomerMicroService.csproj", "{34506464-7DD9-490F-B604-3EC1D4804D83}"
EndProject
Project("{E53339B2-1760-4266-BCC7-CA923CBCF16C}") = "docker-compose", "docker-compose.dcproj", "{C1794487-5093-4632-B672-8C1AE5759C51}"
EndProject
Project("{9A19103F-16F7-4668-BE54-9A1E7A4F7556}") = "ProductMicroService", "ProductMicroService\ProductMicroService.csproj", "{72520B27-5CA3-4EDE-B4E0-D4ABFDFB1EEA}"
EndProject
Project("{9A19103F-16F7-4668-BE54-9A1E7A4F7556}") = "OrderMicroService", "OrderMicroService\OrderMicroService.csproj", "{0CCD17CC-67FD-45F6-8365-2B4019F75185}"
EndProject
Project("{2150E333-8FDC-42A3-9474-1A3956D46DE8}") = "ApiGateway", "ApiGateway", "{1EA6BEFC-C5DB-4F16-8120-D563939F4CDF}"
EndProject
Project("{9A19103F-16F7-4668-BE54-9A1E7A4F7556}") = "ApiGateway", "ApiGateway\ApiGateway\ApiGateway.csproj", "{84FE931F-8D20-4409-B6D8-141E02B97823}"
EndProject
Project("{FAE04EC0-301F-11D3-BF4B-00C04F79EFBC}") = "JwtAuthenticationManager", "JwtAuthenticationManager\JwtAuthenticationManager.csproj", "{93553280-9D5C-4A32-8B06-0FDF7C7D38B6}"
EndProject
Project("{FAE04EC0-301F-11D3-BF4B-00C04F79EFBC}") = "AuthMicroService", "AuthMicroService\AuthMicroService.csproj", "{EB77D58A-D594-4535-A83E-9A3D5311D55B}"
EndProject
Global
	GlobalSection(SolutionConfigurationPlatforms) = preSolution
		Debug|Any CPU = Debug|Any CPU
		Release|Any CPU = Release|Any CPU
	EndGlobalSection
	GlobalSection(ProjectConfigurationPlatforms) = postSolution
		{34506464-7DD9-490F-B604-3EC1D4804D83}.Debug|Any CPU.ActiveCfg = Debug|Any CPU
		{34506464-7DD9-490F-B604-3EC1D4804D83}.Debug|Any CPU.Build.0 = Debug|Any CPU
		{34506464-7DD9-490F-B604-3EC1D4804D83}.Release|Any CPU.ActiveCfg = Release|Any CPU
		{34506464-7DD9-490F-B604-3EC1D4804D83}.Release|Any CPU.Build.0 = Release|Any CPU
		{C1794487-5093-4632-B672-8C1AE5759C51}.Debug|Any CPU.ActiveCfg = Debug|Any CPU
		{C1794487-5093-4632-B672-8C1AE5759C51}.Debug|Any CPU.Build.0 = Debug|Any CPU
		{C1794487-5093-4632-B672-8C1AE5759C51}.Release|Any CPU.ActiveCfg = Release|Any CPU
		{C1794487-5093-4632-B672-8C1AE5759C51}.Release|Any CPU.Build.0 = Release|Any CPU
		{72520B27-5CA3-4EDE-B4E0-D4ABFDFB1EEA}.Debug|Any CPU.ActiveCfg = Debug|Any CPU
		{72520B27-5CA3-4EDE-B4E0-D4ABFDFB1EEA}.Debug|Any CPU.Build.0 = Debug|Any CPU
		{72520B27-5CA3-4EDE-B4E0-D4ABFDFB1EEA}.Release|Any CPU.ActiveCfg = Release|Any CPU
		{72520B27-5CA3-4EDE-B4E0-D4ABFDFB1EEA}.Release|Any CPU.Build.0 = Release|Any CPU
		{0CCD17CC-67FD-45F6-8365-2B4019F75185}.Debug|Any CPU.ActiveCfg = Debug|Any CPU
		{0CCD17CC-67FD-45F6-8365-2B4019F75185}.Debug|Any CPU.Build.0 = Debug|Any CPU
		{0CCD17CC-67FD-45F6-8365-2B4019F75185}.Release|Any CPU.ActiveCfg = Release|Any CPU
		{0CCD17CC-67FD-45F6-8365-2B4019F75185}.Release|Any CPU.Build.0 = Release|Any CPU
		{84FE931F-8D20-4409-B6D8-141E02B97823}.Debug|Any CPU.ActiveCfg = Debug|Any CPU
		{84FE931F-8D20-4409-B6D8-141E02B97823}.Debug|Any CPU.Build.0 = Debug|Any CPU
		{84FE931F-8D20-4409-B6D8-141E02B97823}.Release|Any CPU.ActiveCfg = Release|Any CPU
		{84FE931F-8D20-4409-B6D8-141E02B97823}.Release|Any CPU.Build.0 = Release|Any CPU
		{93553280-9D5C-4A32-8B06-0FDF7C7D38B6}.Debug|Any CPU.ActiveCfg = Debug|Any CPU
		{93553280-9D5C-4A32-8B06-0FDF7C7D38B6}.Debug|Any CPU.Build.0 = Debug|Any CPU
		{93553280-9D5C-4A32-8B06-0FDF7C7D38B6}.Release|Any CPU.ActiveCfg = Release|Any CPU
		{93553280-9D5C-4A32-8B06-0FDF7C7D38B6}.Release|Any CPU.Build.0 = Release|Any CPU
		{EB77D58A-D594-4535-A83E-9A3D5311D55B}.Debug|Any CPU.ActiveCfg = Debug|Any CPU
		{EB77D58A-D594-4535-A83E-9A3D5311D55B}.Debug|Any CPU.Build.0 = Debug|Any CPU
		{EB77D58A-D594-4535-A83E-9A3D5311D55B}.Release|Any CPU.ActiveCfg = Release|Any CPU
		{EB77D58A-D594-4535-A83E-9A3D5311D55B}.Release|Any CPU.Build.0 = Release|Any CPU
	EndGlobalSection
	GlobalSection(SolutionProperties) = preSolution
		HideSolutionNode = FALSE
	EndGlobalSection
	GlobalSection(NestedProjects) = preSolution
		{84FE931F-8D20-4409-B6D8-141E02B97823} = {1EA6BEFC-C5DB-4F16-8120-D563939F4CDF}
	EndGlobalSection
	GlobalSection(ExtensibilityGlobals) = postSolution
		SolutionGuid = {EC383319-9D43-46B1-8BA3-0A49C94A3FD3}
	EndGlobalSection
EndGlobal
